<?xml version="1.0" encoding="utf-8"?>
<Project ToolsVersion="4.0" xmlns="http://schemas.microsoft.com/developer/msbuild/2003">
  <ItemGroup>
    <Filter Include="Source Files">
      <UniqueIdentifier>{4FC737F1-C7A5-4376-A066-2A32D752A2FF}</UniqueIdentifier>
      <Extensions>cpp;c;cc;cxx;def;odl;idl;hpj;bat;asm;asmx</Extensions>
    </Filter>
    <Filter Include="Header Files">
      <UniqueIdentifier>{93995380-89BD-4b04-88EB-625FBE52EBFB}</UniqueIdentifier>
      <Extensions>h;hpp;hxx;hm;inl;inc;xsd</Extensions>
    </Filter>
    <Filter Include="Resource Files">
      <UniqueIdentifier>{67DA6AB6-F800-4c08-8B7A-83BB121AAD01}</UniqueIdentifier>
      <Extensions>rc;ico;cur;bmp;dlg;rc2;rct;bin;rgs;gif;jpg;jpeg;jpe;resx;tiff;tif;png;wav</Extensions>
    </Filter>
    <Filter Include="Resource Files\Sounds">
      <UniqueIdentifier>{8a85965b-6cae-489e-ab41-e1b5e4d2b4ae}</UniqueIdentifier>
    </Filter>
    <Filter Include="Libraries">
      <UniqueIdentifier>{01770d39-d9e3-4d1d-829b-db4309c79024}</UniqueIdentifier>
      <Extensions>lib</Extensions>
    </Filter>
    <Filter Include="Script">
      <UniqueIdentifier>{97c1565b-bb00-4012-857b-f5921dfad823}</UniqueIdentifier>
      <Extensions>lua;txt;ini;cfg</Extensions>
    </Filter>
    <Filter Include="Header Files\common">
      <UniqueIdentifier>{cd69ac3f-d4e3-427e-95e2-165ca1c3029d}</UniqueIdentifier>
      <Extensions>h;hpp;hxx;hm;inl;inc;xsd</Extensions>
    </Filter>
    <Filter Include="Source Files\common">
      <UniqueIdentifier>{a624ae07-d1bf-4dbb-8bff-fa008a9243f7}</UniqueIdentifier>
      <Extensions>cpp;c;cxx;def;odl;idl;hpj;bat;asm;asmx</Extensions>
    </Filter>
    <Filter Include="Header Files\bnb">
      <UniqueIdentifier>{3cda56d3-360a-43ad-8047-4efd42b2b7a8}</UniqueIdentifier>
      <Extensions>h;hpp;hxx;hm;inl;inc;xsd</Extensions>
    </Filter>
    <Filter Include="Source Files\bnb">
      <UniqueIdentifier>{b104d12e-9ae3-4493-8a7d-79f705012741}</UniqueIdentifier>
      <Extensions>cpp;c;cxx;def;odl;idl;hpj;bat;asm;asmx</Extensions>
    </Filter>
  </ItemGroup>
  <ItemGroup>
    <ClCompile Include="Client.cpp">
      <Filter>Source Files</Filter>
    </ClCompile>
    <ClCompile Include="dialogs.cpp">
      <Filter>Source Files</Filter>
    </ClCompile>
    <ClCompile Include="LuaEntry.cpp">
      <Filter>Source Files</Filter>
    </ClCompile>
    <ClCompile Include="pages.cpp">
      <Filter>Source Files</Filter>
    </ClCompile>
    <ClCompile Include="stdafx.cpp">
      <Filter>Source Files</Filter>
    </ClCompile>
    <ClCompile Include="..\common\Profile.cpp">
      <Filter>Source Files\common</Filter>
    </ClCompile>
    <ClCompile Include="jrtf.cpp">
      <Filter>Source Files</Filter>
    </ClCompile>
    <ClCompile Include="stylepr.c">
      <Filter>Source Files</Filter>
    </ClCompile>
    <ClCompile Include="..\common\colibri.cpp">
      <Filter>Source Files\common</Filter>
    </ClCompile>
    <ClCompile Include="..\common\app.cpp">
      <Filter>Source Files\common</Filter>
    </ClCompile>
    <ClCompile Include="..\bnb\luanetengine.cpp">
      <Filter>Source Files\bnb</Filter>
    </ClCompile>
  </ItemGroup>
  <ItemGroup>
    <ClInclude Include="Client.h">
      <Filter>Header Files</Filter>
    </ClInclude>
    <ClInclude Include="resource.h">
      <Filter>Header Files</Filter>
    </ClInclude>
    <ClInclude Include="stdafx.h">
      <Filter>Header Files</Filter>
    </ClInclude>
    <ClInclude Include="targetver.h">
      <Filter>Header Files</Filter>
    </ClInclude>
    <ClInclude Include="..\common\Profile.h">
      <Filter>Header Files\common</Filter>
    </ClInclude>
    <ClInclude Include="..\common\stringutil.h">
      <Filter>Header Files\common</Filter>
    </ClInclude>
    <ClInclude Include="jrtf.h">
      <Filter>Header Files</Filter>
    </ClInclude>
    <ClInclude Include="stylepr.h">
      <Filter>Header Files</Filter>
    </ClInclude>
    <ClInclude Include="..\common\colibri.h">
      <Filter>Header Files\common</Filter>
    </ClInclude>
    <ClInclude Include="..\common\protocol.h">
      <Filter>Header Files\common</Filter>
    </ClInclude>
    <ClInclude Include="..\common\app.h">
      <Filter>Header Files\common</Filter>
    </ClInclude>
    <ClInclude Include="..\common\JObjects.h">
      <Filter>Header Files\common</Filter>
    </ClInclude>
    <ClInclude Include="..\common\LuaGluer.h">
      <Filter>Header Files\common</Filter>
    </ClInclude>
    <ClInclude Include="..\bnb\attachment.h">
      <Filter>Header Files\bnb</Filter>
    </ClInclude>
    <ClInclude Include="..\bnb\JService.h">
      <Filter>Header Files\bnb</Filter>
    </ClInclude>
    <ClInclude Include="..\bnb\luanetengine.h">
      <Filter>Header Files\bnb</Filter>
    </ClInclude>
    <ClInclude Include="..\bnb\luanetengine.hpp">
      <Filter>Header Files\bnb</Filter>
    </ClInclude>
    <ClInclude Include="..\common\Luna.h">
      <Filter>Header Files\common</Filter>
    </ClInclude>
    <ClInclude Include="..\common\luastrut.h">
      <Filter>Header Files\common</Filter>
    </ClInclude>
  </ItemGroup>
  <ItemGroup>
    <None Include="chat.ico">
      <Filter>Resource Files</Filter>
    </None>
    <None Include="Colibri1.ico">
      <Filter>Resource Files</Filter>
    </None>
    <None Include="iml_edit.bmp">
      <Filter>Resource Files</Filter>
    </None>
    <None Include="iml_man.bmp">
      <Filter>Resource Files</Filter>
    </None>
    <None Include="iml_status.bmp">
      <Filter>Resource Files</Filter>
    </None>
    <None Include="iml_statusImg.bmp">
      <Filter>Resource Files</Filter>
    </None>
    <None Include="iml_tab.bmp">
      <Filter>Resource Files</Filter>
    </None>
    <None Include="send.bmp">
      <Filter>Resource Files</Filter>
    </None>
    <None Include="userlist_bg.bmp">
      <Filter>Resource Files</Filter>
    </None>
    <None Include="userlist_foc.bmp">
      <Filter>Resource Files</Filter>
    </None>
    <None Include="userlist_hot.bmp">
      <Filter>Resource Files</Filter>
    </None>
    <None Include="userlist_sel.bmp">
      <Filter>Resource Files</Filter>
    </None>
    <None Include="Sounds\alert.wav">
      <Filter>Resource Files\Sounds</Filter>
    </None>
    <None Include="Sounds\beep.wav">
      <Filter>Resource Files\Sounds</Filter>
    </None>
    <None Include="Sounds\channel_join.wav">
      <Filter>Resource Files\Sounds</Filter>
    </None>
    <None Include="Sounds\channel_leave.wav">
      <Filter>Resource Files\Sounds</Filter>
    </None>
    <None Include="Sounds\chat_line.wav">
      <Filter>Resource Files\Sounds</Filter>
    </None>
    <None Include="Sounds\clipboard.wav">
      <Filter>Resource Files\Sounds</Filter>
    </None>
    <None Include="Sounds\confirm.wav">
      <Filter>Resource Files\Sounds</Filter>
    </None>
    <None Include="Sounds\mass_message.wav">
      <Filter>Resource Files\Sounds</Filter>
    </None>
    <None Include="Sounds\me_line.wav">
      <Filter>Resource Files\Sounds</Filter>
    </None>
    <None Include="Sounds\message.wav">
      <Filter>Resource Files\Sounds</Filter>
    </None>
    <None Include="Sounds\private_start.wav">
      <Filter>Resource Files\Sounds</Filter>
    </None>
    <None Include="Sounds\topic_change.wav">
      <Filter>Resource Files\Sounds</Filter>
    </None>
    <None Include="Sounds\user_online.wav">
      <Filter>Resource Files\Sounds</Filter>
    </None>
  </ItemGroup>
  <ItemGroup>
    <ResourceCompile Include="Client.rc">
      <Filter>Resource Files</Filter>
    </ResourceCompile>
  </ItemGroup>
  <ItemGroup>
    <Manifest Include="ColibriClient.exe.manifest">
      <Filter>Resource Files</Filter>
    </Manifest>
  </ItemGroup>
  <ItemGroup>
    <CustomBuild Include="events.client.lua">
      <Filter>Script</Filter>
    </CustomBuild>
  </ItemGroup>
</Project>