
Microsoft Visual Studio Solution File, Format Version 9.00
# Visual Studio 2005
Project("{8BC9CEB8-8B4A-11D0-8D11-00A0C91BC942}") = "Client", "Client\Client.vcproj", "{DECB3A30-22EA-4CE6-A8FE-A083D33AE463}"
EndProject
Project("{8BC9CEB8-8B4A-11D0-8D11-00A0C91BC942}") = "Server", "Server\Server.vcproj", "{B9D602C8-E96F-49A1-A5D7-85C1D7F08C51}"
EndProject
Project("{54435603-DBB4-11D2-8724-00A0C9A8B90C}") = "Setup", "Setup\Setup.vdproj", "{C9CAD87C-C4D9-4B76-B03B-7BAA15B1F3D7}"
	ProjectSection(ProjectDependencies) = postProject
		{B9D602C8-E96F-49A1-A5D7-85C1D7F08C51} = {B9D602C8-E96F-49A1-A5D7-85C1D7F08C51}
		{DECB3A30-22EA-4CE6-A8FE-A083D33AE463} = {DECB3A30-22EA-4CE6-A8FE-A083D33AE463}
	EndProjectSection
EndProject
Global
	GlobalSection(SolutionConfigurationPlatforms) = preSolution
		Debug|Win32 = Debug|Win32
		Release|Win32 = Release|Win32
	EndGlobalSection
	GlobalSection(ProjectConfigurationPlatforms) = postSolution
		{DECB3A30-22EA-4CE6-A8FE-A083D33AE463}.Debug|Win32.ActiveCfg = Debug|Win32
		{DECB3A30-22EA-4CE6-A8FE-A083D33AE463}.Debug|Win32.Build.0 = Debug|Win32
		{DECB3A30-22EA-4CE6-A8FE-A083D33AE463}.Release|Win32.ActiveCfg = Release|Win32
		{DECB3A30-22EA-4CE6-A8FE-A083D33AE463}.Release|Win32.Build.0 = Release|Win32
		{B9D602C8-E96F-49A1-A5D7-85C1D7F08C51}.Debug|Win32.ActiveCfg = Debug|Win32
		{B9D602C8-E96F-49A1-A5D7-85C1D7F08C51}.Debug|Win32.Build.0 = Debug|Win32
		{B9D602C8-E96F-49A1-A5D7-85C1D7F08C51}.Release|Win32.ActiveCfg = Release|Win32
		{B9D602C8-E96F-49A1-A5D7-85C1D7F08C51}.Release|Win32.Build.0 = Release|Win32
		{C9CAD87C-C4D9-4B76-B03B-7BAA15B1F3D7}.Debug|Win32.ActiveCfg = Debug
		{C9CAD87C-C4D9-4B76-B03B-7BAA15B1F3D7}.Release|Win32.ActiveCfg = Release
	EndGlobalSection
	GlobalSection(SolutionProperties) = preSolution
		HideSolutionNode = FALSE
	EndGlobalSection
EndGlobal
