<?xml version="1.0" encoding="utf-8"?>
<Project ToolsVersion="4.0" xmlns="http://schemas.microsoft.com/developer/msbuild/2003">
  <ItemGroup>
    <Filter Include="Source Files">
      <UniqueIdentifier>{4FC737F1-C7A5-4376-A066-2A32D752A2FF}</UniqueIdentifier>
      <Extensions>cpp;c;cc;cxx;def;odl;idl;hpj;bat;asm;asmx</Extensions>
    </Filter>
    <Filter Include="Header Files">
      <UniqueIdentifier>{93995380-89BD-4b04-88EB-625FBE52EBFB}</UniqueIdentifier>
      <Extensions>h;hh;hpp;hxx;hm;inl;inc;xsd</Extensions>
    </Filter>
    <Filter Include="Resource Files">
      <UniqueIdentifier>{67DA6AB6-F800-4c08-8B7A-83BB121AAD01}</UniqueIdentifier>
      <Extensions>rc;ico;cur;bmp;dlg;rc2;rct;bin;rgs;gif;jpg;jpeg;jpe;resx;tiff;tif;png;wav;mfcribbon-ms</Extensions>
    </Filter>
    <Filter Include="Source Files\Crypto">
      <UniqueIdentifier>{dd72e18f-7b4a-43ad-94e8-01eefe9434d3}</UniqueIdentifier>
      <Extensions>cpp;c;cc;cxx;def;odl;idl;hpj;bat;asm;asmx</Extensions>
    </Filter>
    <Filter Include="Header Files\Crypto">
      <UniqueIdentifier>{aa7842e8-4043-4d10-ba53-d07553ede32f}</UniqueIdentifier>
      <Extensions>h;hh;hpp;hxx;hm;inl;inc;xsd</Extensions>
    </Filter>
    <Filter Include="Header Files\common">
      <UniqueIdentifier>{6daaa705-66a5-4827-acaf-4ec257214067}</UniqueIdentifier>
      <Extensions>h;hh;hpp;hxx;hm;inl;inc;xsd</Extensions>
    </Filter>
    <Filter Include="Source Files\common">
      <UniqueIdentifier>{1a644dbd-c1c1-407f-a1ca-f2c49ff32d85}</UniqueIdentifier>
      <Extensions>cpp;c;cc;cxx;def;odl;idl;hpj;bat;asm;asmx</Extensions>
    </Filter>
  </ItemGroup>
  <ItemGroup>
    <ClInclude Include="stdafx.h">
      <Filter>Header Files</Filter>
    </ClInclude>
    <ClInclude Include="targetver.h">
      <Filter>Header Files</Filter>
    </ClInclude>
    <ClInclude Include="bnb.h">
      <Filter>Header Files</Filter>
    </ClInclude>
    <ClInclude Include="bnbp.h">
      <Filter>Header Files</Filter>
    </ClInclude>
    <ClInclude Include="CRC.h">
      <Filter>Header Files</Filter>
    </ClInclude>
    <ClInclude Include="iomem.h">
      <Filter>Header Files</Filter>
    </ClInclude>
    <ClInclude Include="JService.h">
      <Filter>Header Files</Filter>
    </ClInclude>
    <ClInclude Include="attachment.h">
      <Filter>Header Files</Filter>
    </ClInclude>
    <ClInclude Include="crypto\skein\SHA3api_ref.h">
      <Filter>Header Files\Crypto</Filter>
    </ClInclude>
    <ClInclude Include="crypto\skein\skein.h">
      <Filter>Header Files\Crypto</Filter>
    </ClInclude>
    <ClInclude Include="crypto\skein\skein_port.h">
      <Filter>Header Files\Crypto</Filter>
    </ClInclude>
    <ClInclude Include="crypto\trivium.h">
      <Filter>Header Files\Crypto</Filter>
    </ClInclude>
    <ClInclude Include="crypto\copy.h">
      <Filter>Header Files\Crypto</Filter>
    </ClInclude>
    <ClInclude Include="crypto\ecrypt.h">
      <Filter>Header Files\Crypto</Filter>
    </ClInclude>
    <ClInclude Include="crypto\edon80.h">
      <Filter>Header Files\Crypto</Filter>
    </ClInclude>
    <ClInclude Include="crypto\grain-128.h">
      <Filter>Header Files\Crypto</Filter>
    </ClInclude>
    <ClInclude Include="crypto\grain-v1.h">
      <Filter>Header Files\Crypto</Filter>
    </ClInclude>
    <ClInclude Include="crypto\grain-v1sbox.h">
      <Filter>Header Files\Crypto</Filter>
    </ClInclude>
    <ClInclude Include="crypto\hc-256.h">
      <Filter>Header Files\Crypto</Filter>
    </ClInclude>
    <ClInclude Include="crypto\huge-integer.h">
      <Filter>Header Files\Crypto</Filter>
    </ClInclude>
    <ClInclude Include="crypto\huge-number.h">
      <Filter>Header Files\Crypto</Filter>
    </ClInclude>
    <ClInclude Include="crypto\lex.h">
      <Filter>Header Files\Crypto</Filter>
    </ClInclude>
    <ClInclude Include="crypto\rabbit.h">
      <Filter>Header Files\Crypto</Filter>
    </ClInclude>
    <ClInclude Include="crypto\rc4.h">
      <Filter>Header Files\Crypto</Filter>
    </ClInclude>
    <ClInclude Include="crypto\salsa20.h">
      <Filter>Header Files\Crypto</Filter>
    </ClInclude>
    <ClInclude Include="netengine.h">
      <Filter>Header Files</Filter>
    </ClInclude>
    <ClInclude Include="..\common\sysexcept.h">
      <Filter>Header Files\common</Filter>
    </ClInclude>
    <ClInclude Include="..\common\stringutil.h">
      <Filter>Header Files\common</Filter>
    </ClInclude>
    <ClInclude Include="..\common\patterns.h">
      <Filter>Header Files\common</Filter>
    </ClInclude>
    <ClInclude Include="..\common\JObjects.h">
      <Filter>Header Files\common</Filter>
    </ClInclude>
    <ClInclude Include="..\common\FastDelegateList.h">
      <Filter>Header Files\common</Filter>
    </ClInclude>
    <ClInclude Include="..\common\FastDelegateBind.h">
      <Filter>Header Files\common</Filter>
    </ClInclude>
    <ClInclude Include="..\common\FastDelegate.h">
      <Filter>Header Files\common</Filter>
    </ClInclude>
    <ClInclude Include="..\common\AssertMsg.h">
      <Filter>Header Files\common</Filter>
    </ClInclude>
  </ItemGroup>
  <ItemGroup>
    <ClCompile Include="stdafx.cpp">
      <Filter>Source Files</Filter>
    </ClCompile>
    <ClCompile Include="attachment.cpp">
      <Filter>Source Files</Filter>
    </ClCompile>
    <ClCompile Include="bnb.cpp">
      <Filter>Source Files</Filter>
    </ClCompile>
    <ClCompile Include="CRC.cpp">
      <Filter>Source Files</Filter>
    </ClCompile>
    <ClCompile Include="iomem.cpp">
      <Filter>Source Files</Filter>
    </ClCompile>
    <ClCompile Include="JService.cpp">
      <Filter>Source Files</Filter>
    </ClCompile>
    <ClCompile Include="crypto\trivium.c">
      <Filter>Source Files\Crypto</Filter>
    </ClCompile>
    <ClCompile Include="crypto\copy.c">
      <Filter>Source Files\Crypto</Filter>
    </ClCompile>
    <ClCompile Include="crypto\edon80.c">
      <Filter>Source Files\Crypto</Filter>
    </ClCompile>
    <ClCompile Include="crypto\grain-128.c">
      <Filter>Source Files\Crypto</Filter>
    </ClCompile>
    <ClCompile Include="crypto\grain-v1.c">
      <Filter>Source Files\Crypto</Filter>
    </ClCompile>
    <ClCompile Include="crypto\hc-256.c">
      <Filter>Source Files\Crypto</Filter>
    </ClCompile>
    <ClCompile Include="crypto\huge-number.cpp">
      <Filter>Source Files\Crypto</Filter>
    </ClCompile>
    <ClCompile Include="crypto\lex.c">
      <Filter>Source Files\Crypto</Filter>
    </ClCompile>
    <ClCompile Include="crypto\rabbit.c">
      <Filter>Source Files\Crypto</Filter>
    </ClCompile>
    <ClCompile Include="crypto\rc4.c">
      <Filter>Source Files\Crypto</Filter>
    </ClCompile>
    <ClCompile Include="crypto\salsa20.c">
      <Filter>Source Files\Crypto</Filter>
    </ClCompile>
    <ClCompile Include="crypto\skein\SHA3api_ref.c">
      <Filter>Source Files\Crypto</Filter>
    </ClCompile>
    <ClCompile Include="crypto\skein\skein.c">
      <Filter>Source Files\Crypto</Filter>
    </ClCompile>
    <ClCompile Include="crypto\skein\skein_block.c">
      <Filter>Source Files\Crypto</Filter>
    </ClCompile>
    <ClCompile Include="netengine.cpp">
      <Filter>Source Files</Filter>
    </ClCompile>
    <ClCompile Include="..\common\stringutil.cpp">
      <Filter>Source Files\common</Filter>
    </ClCompile>
  </ItemGroup>
</Project>